// !$*UTF8*$!
{
	archiveVersion = 1;
	classes = {
	};
	objectVersion = 56;
	objects = {

/* Begin PBXBuildFile section */
		4F08FC112BE43F0E006EACB8 /* AppDelegate.swift in Sources */ = {isa = PBXBuildFile; fileRef = 4F08FC102BE43F0E006EACB8 /* AppDelegate.swift */; };
		4F08FC132BE43F0E006EACB8 /* SceneDelegate.swift in Sources */ = {isa = PBXBuildFile; fileRef = 4F08FC122BE43F0E006EACB8 /* SceneDelegate.swift */; };
		4F08FC152BE43F0E006EACB8 /* ViewController.swift in Sources */ = {isa = PBXBuildFile; fileRef = 4F08FC142BE43F0E006EACB8 /* ViewController.swift */; };
		4F08FC182BE43F0E006EACB8 /* Base in Resources */ = {isa = PBXBuildFile; fileRef = 4F08FC172BE43F0E006EACB8 /* Base */; };
		4F08FC1A2BE43F0F006EACB8 /* Assets.xcassets in Resources */ = {isa = PBXBuildFile; fileRef = 4F08FC192BE43F0F006EACB8 /* Assets.xcassets */; };
		4F08FC1D2BE43F10006EACB8 /* Base in Resources */ = {isa = PBXBuildFile; fileRef = 4F08FC1C2BE43F10006EACB8 /* Base */; };
		4F314D2C2BF3EA170070E6F8 /* SpeechManager.swift in Sources */ = {isa = PBXBuildFile; fileRef = 4F314D2B2BF3EA170070E6F8 /* SpeechManager.swift */; };
		4FAD7CC22BF4226A000EDF4B /* WordListViewController.swift in Sources */ = {isa = PBXBuildFile; fileRef = 4FAD7CC12BF4226A000EDF4B /* WordListViewController.swift */; };
		4FB17B2A2BEAC29E002E6F16 /* jump.m4a in Resources */ = {isa = PBXBuildFile; fileRef = 4FB17B292BEAC29E002E6F16 /* jump.m4a */; };
		4FB17B2C2BEAC2BB002E6F16 /* her.m4a in Resources */ = {isa = PBXBuildFile; fileRef = 4FB17B2B2BEAC2BB002E6F16 /* her.m4a */; };
		4FB17B2E2BEAC2D1002E6F16 /* rabbit.m4a in Resources */ = {isa = PBXBuildFile; fileRef = 4FB17B2D2BEAC2D1002E6F16 /* rabbit.m4a */; };
		4FB17B302BEAC2E1002E6F16 /* milk.m4a in Resources */ = {isa = PBXBuildFile; fileRef = 4FB17B2F2BEAC2E1002E6F16 /* milk.m4a */; };
		4FB17B322BEAC2F3002E6F16 /* zoo.m4a in Resources */ = {isa = PBXBuildFile; fileRef = 4FB17B312BEAC2F3002E6F16 /* zoo.m4a */; };
		4FB17B342BEAC52C002E6F16 /* ping.mp3 in Resources */ = {isa = PBXBuildFile; fileRef = 4FB17B332BEAC52C002E6F16 /* ping.mp3 */; };
		4FB17B382BEAC562002E6F16 /* correct.wav in Resources */ = {isa = PBXBuildFile; fileRef = 4FB17B372BEAC562002E6F16 /* correct.wav */; };
		4FB17B3A2BEAC8ED002E6F16 /* applause.wav in Resources */ = {isa = PBXBuildFile; fileRef = 4FB17B392BEAC8ED002E6F16 /* applause.wav */; };
		4FB17B3C2BEACEB2002E6F16 /* low_key_Correct.wav in Resources */ = {isa = PBXBuildFile; fileRef = 4FB17B3B2BEACEB2002E6F16 /* low_key_Correct.wav */; };
		4FB17B3E2BEAF391002E6F16 /* Untitled_Artwork 31.jpg in Resources */ = {isa = PBXBuildFile; fileRef = 4FB17B3D2BEAF391002E6F16 /* Untitled_Artwork 31.jpg */; };
		4FD15C9D2BE87B160025CAAB /* good.m4a in Resources */ = {isa = PBXBuildFile; fileRef = 4FD15C9C2BE87B160025CAAB /* good.m4a */; };
		4FD15C9F2BE87CF40025CAAB /* six.m4a in Resources */ = {isa = PBXBuildFile; fileRef = 4FD15C9E2BE87CF30025CAAB /* six.m4a */; };
		4FD15CA12BE87D100025CAAB /* what.m4a in Resources */ = {isa = PBXBuildFile; fileRef = 4FD15CA02BE87D100025CAAB /* what.m4a */; };
		4FD15CA32BE87D1E0025CAAB /* elephant.m4a in Resources */ = {isa = PBXBuildFile; fileRef = 4FD15CA22BE87D1E0025CAAB /* elephant.m4a */; };
		4FD15CA52BE87D2E0025CAAB /* take.m4a in Resources */ = {isa = PBXBuildFile; fileRef = 4FD15CA42BE87D2E0025CAAB /* take.m4a */; };
/* End PBXBuildFile section */

/* Begin PBXFileReference section */
		4F08FC0D2BE43F0E006EACB8 /* Sight Words.app */ = {isa = PBXFileReference; explicitFileType = wrapper.application; includeInIndex = 0; path = "Sight Words.app"; sourceTree = BUILT_PRODUCTS_DIR; };
		4F08FC102BE43F0E006EACB8 /* AppDelegate.swift */ = {isa = PBXFileReference; lastKnownFileType = sourcecode.swift; path = AppDelegate.swift; sourceTree = "<group>"; };
		4F08FC122BE43F0E006EACB8 /* SceneDelegate.swift */ = {isa = PBXFileReference; lastKnownFileType = sourcecode.swift; path = SceneDelegate.swift; sourceTree = "<group>"; };
		4F08FC142BE43F0E006EACB8 /* ViewController.swift */ = {isa = PBXFileReference; lastKnownFileType = sourcecode.swift; path = ViewController.swift; sourceTree = "<group>"; };
		4F08FC172BE43F0E006EACB8 /* Base */ = {isa = PBXFileReference; lastKnownFileType = file.storyboard; name = Base; path = Base.lproj/Main.storyboard; sourceTree = "<group>"; };
		4F08FC192BE43F0F006EACB8 /* Assets.xcassets */ = {isa = PBXFileReference; lastKnownFileType = folder.assetcatalog; path = Assets.xcassets; sourceTree = "<group>"; };
		4F08FC1C2BE43F10006EACB8 /* Base */ = {isa = PBXFileReference; lastKnownFileType = file.storyboard; name = Base; path = Base.lproj/LaunchScreen.storyboard; sourceTree = "<group>"; };
		4F08FC1E2BE43F10006EACB8 /* Info.plist */ = {isa = PBXFileReference; lastKnownFileType = text.plist.xml; path = Info.plist; sourceTree = "<group>"; };
		4F314D2B2BF3EA170070E6F8 /* SpeechManager.swift */ = {isa = PBXFileReference; lastKnownFileType = sourcecode.swift; path = SpeechManager.swift; sourceTree = "<group>"; };
		4FAD7CC12BF4226A000EDF4B /* WordListViewController.swift */ = {isa = PBXFileReference; lastKnownFileType = sourcecode.swift; path = WordListViewController.swift; sourceTree = "<group>"; };
		4FB17B292BEAC29E002E6F16 /* jump.m4a */ = {isa = PBXFileReference; lastKnownFileType = file; path = jump.m4a; sourceTree = "<group>"; };
		4FB17B2B2BEAC2BB002E6F16 /* her.m4a */ = {isa = PBXFileReference; lastKnownFileType = file; path = her.m4a; sourceTree = "<group>"; };
		4FB17B2D2BEAC2D1002E6F16 /* rabbit.m4a */ = {isa = PBXFileReference; lastKnownFileType = file; path = rabbit.m4a; sourceTree = "<group>"; };
		4FB17B2F2BEAC2E1002E6F16 /* milk.m4a */ = {isa = PBXFileReference; lastKnownFileType = file; path = milk.m4a; sourceTree = "<group>"; };
		4FB17B312BEAC2F3002E6F16 /* zoo.m4a */ = {isa = PBXFileReference; lastKnownFileType = file; path = zoo.m4a; sourceTree = "<group>"; };
		4FB17B332BEAC52C002E6F16 /* ping.mp3 */ = {isa = PBXFileReference; lastKnownFileType = audio.mp3; path = ping.mp3; sourceTree = "<group>"; };
		4FB17B372BEAC562002E6F16 /* correct.wav */ = {isa = PBXFileReference; lastKnownFileType = audio.wav; path = correct.wav; sourceTree = "<group>"; };
		4FB17B392BEAC8ED002E6F16 /* applause.wav */ = {isa = PBXFileReference; lastKnownFileType = audio.wav; path = applause.wav; sourceTree = "<group>"; };
		4FB17B3B2BEACEB2002E6F16 /* low_key_Correct.wav */ = {isa = PBXFileReference; lastKnownFileType = audio.wav; path = low_key_Correct.wav; sourceTree = "<group>"; };
		4FB17B3D2BEAF391002E6F16 /* Untitled_Artwork 31.jpg */ = {isa = PBXFileReference; lastKnownFileType = image.jpeg; path = "Untitled_Artwork 31.jpg"; sourceTree = "<group>"; };
		4FD15C9C2BE87B160025CAAB /* good.m4a */ = {isa = PBXFileReference; lastKnownFileType = file; path = good.m4a; sourceTree = "<group>"; };
		4FD15C9E2BE87CF30025CAAB /* six.m4a */ = {isa = PBXFileReference; lastKnownFileType = file; path = six.m4a; sourceTree = "<group>"; };
		4FD15CA02BE87D100025CAAB /* what.m4a */ = {isa = PBXFileReference; lastKnownFileType = file; path = what.m4a; sourceTree = "<group>"; };
		4FD15CA22BE87D1E0025CAAB /* elephant.m4a */ = {isa = PBXFileReference; lastKnownFileType = file; path = elephant.m4a; sourceTree = "<group>"; };
		4FD15CA42BE87D2E0025CAAB /* take.m4a */ = {isa = PBXFileReference; lastKnownFileType = file; path = take.m4a; sourceTree = "<group>"; };
/* End PBXFileReference section */

/* Begin PBXFrameworksBuildPhase section */
		4F08FC0A2BE43F0E006EACB8 /* Frameworks */ = {
			isa = PBXFrameworksBuildPhase;
			buildActionMask = 2147483647;
			files = (
			);
			runOnlyForDeploymentPostprocessing = 0;
		};
/* End PBXFrameworksBuildPhase section */

/* Begin PBXGroup section */
		4F08FC042BE43F0E006EACB8 = {
			isa = PBXGroup;
			children = (
				4F08FC0F2BE43F0E006EACB8 /* Sight Words */,
				4F08FC0E2BE43F0E006EACB8 /* Products */,
			);
			sourceTree = "<group>";
		};
		4F08FC0E2BE43F0E006EACB8 /* Products */ = {
			isa = PBXGroup;
			children = (
				4F08FC0D2BE43F0E006EACB8 /* Sight Words.app */,
			);
			name = Products;
			sourceTree = "<group>";
		};
		4F08FC0F2BE43F0E006EACB8 /* Sight Words */ = {
			isa = PBXGroup;
			children = (
				4F08FC102BE43F0E006EACB8 /* AppDelegate.swift */,
				4F08FC122BE43F0E006EACB8 /* SceneDelegate.swift */,
				4F08FC142BE43F0E006EACB8 /* ViewController.swift */,
				4FAD7CC12BF4226A000EDF4B /* WordListViewController.swift */,
				4F314D2B2BF3EA170070E6F8 /* SpeechManager.swift */,
				4F08FC162BE43F0E006EACB8 /* Main.storyboard */,
				4F08FC192BE43F0F006EACB8 /* Assets.xcassets */,
				4F08FC1B2BE43F10006EACB8 /* LaunchScreen.storyboard */,
				4F08FC1E2BE43F10006EACB8 /* Info.plist */,
				4FD15C9C2BE87B160025CAAB /* good.m4a */,
				4FD15C9E2BE87CF30025CAAB /* six.m4a */,
				4FD15CA02BE87D100025CAAB /* what.m4a */,
				4FD15CA22BE87D1E0025CAAB /* elephant.m4a */,
				4FD15CA42BE87D2E0025CAAB /* take.m4a */,
				4FB17B292BEAC29E002E6F16 /* jump.m4a */,
				4FB17B2B2BEAC2BB002E6F16 /* her.m4a */,
				4FB17B2D2BEAC2D1002E6F16 /* rabbit.m4a */,
				4FB17B2F2BEAC2E1002E6F16 /* milk.m4a */,
				4FB17B312BEAC2F3002E6F16 /* zoo.m4a */,
				4FB17B332BEAC52C002E6F16 /* ping.mp3 */,
				4FB17B372BEAC562002E6F16 /* correct.wav */,
				4FB17B392BEAC8ED002E6F16 /* applause.wav */,
				4FB17B3B2BEACEB2002E6F16 /* low_key_Correct.wav */,
				4FB17B3D2BEAF391002E6F16 /* Untitled_Artwork 31.jpg */,
			);
			path = "Sight Words";
			sourceTree = "<group>";
		};
/* End PBXGroup section */

/* Begin PBXNativeTarget section */
		4F08FC0C2BE43F0E006EACB8 /* Sight Words */ = {
			isa = PBXNativeTarget;
			buildConfigurationList = 4F08FC212BE43F10006EACB8 /* Build configuration list for PBXNativeTarget "Sight Words" */;
			buildPhases = (
				4F08FC092BE43F0E006EACB8 /* Sources */,
				4F08FC0A2BE43F0E006EACB8 /* Frameworks */,
				4F08FC0B2BE43F0E006EACB8 /* Resources */,
			);
			buildRules = (
			);
			dependencies = (
			);
			name = "Sight Words";
			productName = "Sight Words";
			productReference = 4F08FC0D2BE43F0E006EACB8 /* Sight Words.app */;
			productType = "com.apple.product-type.application";
		};
/* End PBXNativeTarget section */

/* Begin PBXProject section */
		4F08FC052BE43F0E006EACB8 /* Project object */ = {
			isa = PBXProject;
			attributes = {
				BuildIndependentTargetsInParallel = 1;
				LastSwiftUpdateCheck = 1530;
				LastUpgradeCheck = 1530;
				TargetAttributes = {
					4F08FC0C2BE43F0E006EACB8 = {
						CreatedOnToolsVersion = 15.3;
					};
				};
			};
			buildConfigurationList = 4F08FC082BE43F0E006EACB8 /* Build configuration list for PBXProject "Sight Words" */;
			compatibilityVersion = "Xcode 14.0";
			developmentRegion = en;
			hasScannedForEncodings = 0;
			knownRegions = (
				en,
				Base,
			);
			mainGroup = 4F08FC042BE43F0E006EACB8;
			productRefGroup = 4F08FC0E2BE43F0E006EACB8 /* Products */;
			projectDirPath = "";
			projectRoot = "";
			targets = (
				4F08FC0C2BE43F0E006EACB8 /* Sight Words */,
			);
		};
/* End PBXProject section */

/* Begin PBXResourcesBuildPhase section */
		4F08FC0B2BE43F0E006EACB8 /* Resources */ = {
			isa = PBXResourcesBuildPhase;
			buildActionMask = 2147483647;
			files = (
				4FB17B382BEAC562002E6F16 /* correct.wav in Resources */,
				4FD15C9F2BE87CF40025CAAB /* six.m4a in Resources */,
				4FB17B302BEAC2E1002E6F16 /* milk.m4a in Resources */,
				4FB17B2A2BEAC29E002E6F16 /* jump.m4a in Resources */,
				4FB17B322BEAC2F3002E6F16 /* zoo.m4a in Resources */,
				4F08FC1A2BE43F0F006EACB8 /* Assets.xcassets in Resources */,
				4F08FC1D2BE43F10006EACB8 /* Base in Resources */,
				4FD15C9D2BE87B160025CAAB /* good.m4a in Resources */,
				4FB17B3E2BEAF391002E6F16 /* Untitled_Artwork 31.jpg in Resources */,
				4FB17B2E2BEAC2D1002E6F16 /* rabbit.m4a in Resources */,
				4FD15CA12BE87D100025CAAB /* what.m4a in Resources */,
				4FB17B342BEAC52C002E6F16 /* ping.mp3 in Resources */,
				4FD15CA52BE87D2E0025CAAB /* take.m4a in Resources */,
				4FD15CA32BE87D1E0025CAAB /* elephant.m4a in Resources */,
				4FB17B2C2BEAC2BB002E6F16 /* her.m4a in Resources */,
				4FB17B3A2BEAC8ED002E6F16 /* applause.wav in Resources */,
				4FB17B3C2BEACEB2002E6F16 /* low_key_Correct.wav in Resources */,
				4F08FC182BE43F0E006EACB8 /* Base in Resources */,
			);
			runOnlyForDeploymentPostprocessing = 0;
		};
/* End PBXResourcesBuildPhase section */

/* Begin PBXSourcesBuildPhase section */
		4F08FC092BE43F0E006EACB8 /* Sources */ = {
			isa = PBXSourcesBuildPhase;
			buildActionMask = 2147483647;
			files = (
				4F08FC152BE43F0E006EACB8 /* ViewController.swift in Sources */,
				4F314D2C2BF3EA170070E6F8 /* SpeechManager.swift in Sources */,
				4FAD7CC22BF4226A000EDF4B /* WordListViewController.swift in Sources */,
				4F08FC112BE43F0E006EACB8 /* AppDelegate.swift in Sources */,
				4F08FC132BE43F0E006EACB8 /* SceneDelegate.swift in Sources */,
			);
			runOnlyForDeploymentPostprocessing = 0;
		};
/* End PBXSourcesBuildPhase section */

/* Begin PBXVariantGroup section */
		4F08FC162BE43F0E006EACB8 /* Main.storyboard */ = {
			isa = PBXVariantGroup;
			children = (
				4F08FC172BE43F0E006EACB8 /* Base */,
			);
			name = Main.storyboard;
			sourceTree = "<group>";
		};
		4F08FC1B2BE43F10006EACB8 /* LaunchScreen.storyboard */ = {
			isa = PBXVariantGroup;
			children = (
				4F08FC1C2BE43F10006EACB8 /* Base */,
			);
			name = LaunchScreen.storyboard;
			sourceTree = "<group>";
		};
/* End PBXVariantGroup section */

/* Begin XCBuildConfiguration section */
		4F08FC1F2BE43F10006EACB8 /* Debug */ = {
			isa = XCBuildConfiguration;
			buildSettings = {
				ALWAYS_SEARCH_USER_PATHS = NO;
				ASSETCATALOG_COMPILER_GENERATE_SWIFT_ASSET_SYMBOL_EXTENSIONS = YES;
				CLANG_ANALYZER_NONNULL = YES;
				CLANG_ANALYZER_NUMBER_OBJECT_CONVERSION = YES_AGGRESSIVE;
				CLANG_CXX_LANGUAGE_STANDARD = "gnu++20";
				CLANG_ENABLE_MODULES = YES;
				CLANG_ENABLE_OBJC_ARC = YES;
				CLANG_ENABLE_OBJC_WEAK = YES;
				CLANG_WARN_BLOCK_CAPTURE_AUTORELEASING = YES;
				CLANG_WARN_BOOL_CONVERSION = YES;
				CLANG_WARN_COMMA = YES;
				CLANG_WARN_CONSTANT_CONVERSION = YES;
				CLANG_WARN_DEPRECATED_OBJC_IMPLEMENTATIONS = YES;
				CLANG_WARN_DIRECT_OBJC_ISA_USAGE = YES_ERROR;
				CLANG_WARN_DOCUMENTATION_COMMENTS = YES;
				CLANG_WARN_EMPTY_BODY = YES;
				CLANG_WARN_ENUM_CONVERSION = YES;
				CLANG_WARN_INFINITE_RECURSION = YES;
				CLANG_WARN_INT_CONVERSION = YES;
				CLANG_WARN_NON_LITERAL_NULL_CONVERSION = YES;
				CLANG_WARN_OBJC_IMPLICIT_RETAIN_SELF = YES;
				CLANG_WARN_OBJC_LITERAL_CONVERSION = YES;
				CLANG_WARN_OBJC_ROOT_CLASS = YES_ERROR;
				CLANG_WARN_QUOTED_INCLUDE_IN_FRAMEWORK_HEADER = YES;
				CLANG_WARN_RANGE_LOOP_ANALYSIS = YES;
				CLANG_WARN_STRICT_PROTOTYPES = YES;
				CLANG_WARN_SUSPICIOUS_MOVE = YES;
				CLANG_WARN_UNGUARDED_AVAILABILITY = YES_AGGRESSIVE;
				CLANG_WARN_UNREACHABLE_CODE = YES;
				CLANG_WARN__DUPLICATE_METHOD_MATCH = YES;
				COPY_PHASE_STRIP = NO;
				DEBUG_INFORMATION_FORMAT = dwarf;
				ENABLE_STRICT_OBJC_MSGSEND = YES;
				ENABLE_TESTABILITY = YES;
				ENABLE_USER_SCRIPT_SANDBOXING = YES;
				GCC_C_LANGUAGE_STANDARD = gnu17;
				GCC_DYNAMIC_NO_PIC = NO;
				GCC_NO_COMMON_BLOCKS = YES;
				GCC_OPTIMIZATION_LEVEL = 0;
				GCC_PREPROCESSOR_DEFINITIONS = (
					"DEBUG=1",
					"$(inherited)",
				);
				GCC_WARN_64_TO_32_BIT_CONVERSION = YES;
				GCC_WARN_ABOUT_RETURN_TYPE = YES_ERROR;
				GCC_WARN_UNDECLARED_SELECTOR = YES;
				GCC_WARN_UNINITIALIZED_AUTOS = YES_AGGRESSIVE;
				GCC_WARN_UNUSED_FUNCTION = YES;
				GCC_WARN_UNUSED_VARIABLE = YES;
				IPHONEOS_DEPLOYMENT_TARGET = 17.4;
				LOCALIZATION_PREFERS_STRING_CATALOGS = YES;
				MTL_ENABLE_DEBUG_INFO = INCLUDE_SOURCE;
				MTL_FAST_MATH = YES;
				ONLY_ACTIVE_ARCH = YES;
				SDKROOT = iphoneos;
				SWIFT_ACTIVE_COMPILATION_CONDITIONS = "DEBUG $(inherited)";
				SWIFT_OPTIMIZATION_LEVEL = "-Onone";
			};
			name = Debug;
		};
		4F08FC202BE43F10006EACB8 /* Release */ = {
			isa = XCBuildConfiguration;
			buildSettings = {
				ALWAYS_SEARCH_USER_PATHS = NO;
				ASSETCATALOG_COMPILER_GENERATE_SWIFT_ASSET_SYMBOL_EXTENSIONS = YES;
				CLANG_ANALYZER_NONNULL = YES;
				CLANG_ANALYZER_NUMBER_OBJECT_CONVERSION = YES_AGGRESSIVE;
				CLANG_CXX_LANGUAGE_STANDARD = "gnu++20";
				CLANG_ENABLE_MODULES = YES;
				CLANG_ENABLE_OBJC_ARC = YES;
				CLANG_ENABLE_OBJC_WEAK = YES;
				CLANG_WARN_BLOCK_CAPTURE_AUTORELEASING = YES;
				CLANG_WARN_BOOL_CONVERSION = YES;
				CLANG_WARN_COMMA = YES;
				CLANG_WARN_CONSTANT_CONVERSION = YES;
				CLANG_WARN_DEPRECATED_OBJC_IMPLEMENTATIONS = YES;
				CLANG_WARN_DIRECT_OBJC_ISA_USAGE = YES_ERROR;
				CLANG_WARN_DOCUMENTATION_COMMENTS = YES;
				CLANG_WARN_EMPTY_BODY = YES;
				CLANG_WARN_ENUM_CONVERSION = YES;
				CLANG_WARN_INFINITE_RECURSION = YES;
				CLANG_WARN_INT_CONVERSION = YES;
				CLANG_WARN_NON_LITERAL_NULL_CONVERSION = YES;
				CLANG_WARN_OBJC_IMPLICIT_RETAIN_SELF = YES;
				CLANG_WARN_OBJC_LITERAL_CONVERSION = YES;
				CLANG_WARN_OBJC_ROOT_CLASS = YES_ERROR;
				CLANG_WARN_QUOTED_INCLUDE_IN_FRAMEWORK_HEADER = YES;
				CLANG_WARN_RANGE_LOOP_ANALYSIS = YES;
				CLANG_WARN_STRICT_PROTOTYPES = YES;
				CLANG_WARN_SUSPICIOUS_MOVE = YES;
				CLANG_WARN_UNGUARDED_AVAILABILITY = YES_AGGRESSIVE;
				CLANG_WARN_UNREACHABLE_CODE = YES;
				CLANG_WARN__DUPLICATE_METHOD_MATCH = YES;
				COPY_PHASE_STRIP = NO;
				DEBUG_INFORMATION_FORMAT = "dwarf-with-dsym";
				ENABLE_NS_ASSERTIONS = NO;
				ENABLE_STRICT_OBJC_MSGSEND = YES;
				ENABLE_USER_SCRIPT_SANDBOXING = YES;
				GCC_C_LANGUAGE_STANDARD = gnu17;
				GCC_NO_COMMON_BLOCKS = YES;
				GCC_WARN_64_TO_32_BIT_CONVERSION = YES;
				GCC_WARN_ABOUT_RETURN_TYPE = YES_ERROR;
				GCC_WARN_UNDECLARED_SELECTOR = YES;
				GCC_WARN_UNINITIALIZED_AUTOS = YES_AGGRESSIVE;
				GCC_WARN_UNUSED_FUNCTION = YES;
				GCC_WARN_UNUSED_VARIABLE = YES;
				IPHONEOS_DEPLOYMENT_TARGET = 17.4;
				LOCALIZATION_PREFERS_STRING_CATALOGS = YES;
				MTL_ENABLE_DEBUG_INFO = NO;
				MTL_FAST_MATH = YES;
				SDKROOT = iphoneos;
				SWIFT_COMPILATION_MODE = wholemodule;
				VALIDATE_PRODUCT = YES;
			};
			name = Release;
		};
		4F08FC222BE43F10006EACB8 /* Debug */ = {
			isa = XCBuildConfiguration;
			buildSettings = {
				ASSETCATALOG_COMPILER_APPICON_NAME = AppIcon;
				ASSETCATALOG_COMPILER_GLOBAL_ACCENT_COLOR_NAME = AccentColor;
				CODE_SIGN_STYLE = Automatic;
				CURRENT_PROJECT_VERSION = 1;
				DEVELOPMENT_TEAM = H8ARJQGR98;
				GENERATE_INFOPLIST_FILE = YES;
				INFOPLIST_FILE = "Sight Words/Info.plist";
				INFOPLIST_KEY_LSApplicationCategoryType = "public.app-category.education";
				INFOPLIST_KEY_UIApplicationSupportsIndirectInputEvents = YES;
				INFOPLIST_KEY_UILaunchStoryboardName = LaunchScreen;
				INFOPLIST_KEY_UIMainStoryboardFile = Main;
				INFOPLIST_KEY_UISupportedInterfaceOrientations_iPad = "UIInterfaceOrientationPortrait UIInterfaceOrientationPortraitUpsideDown UIInterfaceOrientationLandscapeLeft UIInterfaceOrientationLandscapeRight";
				INFOPLIST_KEY_UISupportedInterfaceOrientations_iPhone = "UIInterfaceOrientationPortrait UIInterfaceOrientationLandscapeLeft UIInterfaceOrientationLandscapeRight";
				LD_RUNPATH_SEARCH_PATHS = (
					"$(inherited)",
					"@executable_path/Frameworks",
				);
				MARKETING_VERSION = 1.0;
				PRODUCT_BUNDLE_IDENTIFIER = "matt.young.Sight-Words";
				PRODUCT_NAME = "$(TARGET_NAME)";
				SWIFT_EMIT_LOC_STRINGS = YES;
				SWIFT_VERSION = 5.0;
				TARGETED_DEVICE_FAMILY = "1,2";
			};
			name = Debug;
		};
		4F08FC232BE43F10006EACB8 /* Release */ = {
			isa = XCBuildConfiguration;
			buildSettings = {
				ASSETCATALOG_COMPILER_APPICON_NAME = AppIcon;
				ASSETCATALOG_COMPILER_GLOBAL_ACCENT_COLOR_NAME = AccentColor;
				CODE_SIGN_STYLE = Automatic;
				CURRENT_PROJECT_VERSION = 1;
				DEVELOPMENT_TEAM = H8ARJQGR98;
				GENERATE_INFOPLIST_FILE = YES;
				INFOPLIST_FILE = "Sight Words/Info.plist";
				INFOPLIST_KEY_LSApplicationCategoryType = "public.app-category.education";
				INFOPLIST_KEY_UIApplicationSupportsIndirectInputEvents = YES;
				INFOPLIST_KEY_UILaunchStoryboardName = LaunchScreen;
				INFOPLIST_KEY_UIMainStoryboardFile = Main;
				INFOPLIST_KEY_UISupportedInterfaceOrientations_iPad = "UIInterfaceOrientationPortrait UIInterfaceOrientationPortraitUpsideDown UIInterfaceOrientationLandscapeLeft UIInterfaceOrientationLandscapeRight";
				INFOPLIST_KEY_UISupportedInterfaceOrientations_iPhone = "UIInterfaceOrientationPortrait UIInterfaceOrientationLandscapeLeft UIInterfaceOrientationLandscapeRight";
				LD_RUNPATH_SEARCH_PATHS = (
					"$(inherited)",
					"@executable_path/Frameworks",
				);
				MARKETING_VERSION = 1.0;
				PRODUCT_BUNDLE_IDENTIFIER = "matt.young.Sight-Words";
				PRODUCT_NAME = "$(TARGET_NAME)";
				SWIFT_EMIT_LOC_STRINGS = YES;
				SWIFT_VERSION = 5.0;
				TARGETED_DEVICE_FAMILY = "1,2";
			};
			name = Release;
		};
/* End XCBuildConfiguration section */

/* Begin XCConfigurationList section */
		4F08FC082BE43F0E006EACB8 /* Build configuration list for PBXProject "Sight Words" */ = {
			isa = XCConfigurationList;
			buildConfigurations = (
				4F08FC1F2BE43F10006EACB8 /* Debug */,
				4F08FC202BE43F10006EACB8 /* Release */,
			);
			defaultConfigurationIsVisible = 0;
			defaultConfigurationName = Release;
		};
		4F08FC212BE43F10006EACB8 /* Build configuration list for PBXNativeTarget "Sight Words" */ = {
			isa = XCConfigurationList;
			buildConfigurations = (
				4F08FC222BE43F10006EACB8 /* Debug */,
				4F08FC232BE43F10006EACB8 /* Release */,
			);
			defaultConfigurationIsVisible = 0;
			defaultConfigurationName = Release;
		};
/* End XCConfigurationList section */
	};
	rootObject = 4F08FC052BE43F0E006EACB8 /* Project object */;
}
